
Microsoft Visual Studio Solution File, Format Version 12.00
# Visual Studio Version 17
VisualStudioVersion = 17.11.35222.181
MinimumVisualStudioVersion = 10.0.40219.1
Project("{8BC9CEB8-8B4A-11D0-8D11-00A0C91BC942}") = "HelloCpp", "src\HelloCpp\HelloCpp.vcxproj", "{C785436D-3182-4996-A7AA-1AEF7A05392A}"
EndProject
Project("{8BC9CEB8-8B4A-11D0-8D11-00A0C91BC942}") = "RawPointers", "src\RawPointers\RawPointers.vcxproj", "{EB17E26C-A9CB-467B-B48D-2A6A4D6163E1}"
EndProject
Project("{8BC9CEB8-8B4A-11D0-8D11-00A0C91BC942}") = "References", "src\References\References.vcxproj", "{3900BACA-2259-424C-91F6-80D99D238C84}"
EndProject
Project("{2150E333-8FDC-42A3-9474-1A3956D46DE8}") = "Solution Items", "Solution Items", "{8EC462FD-D22E-90A8-E5CE-7E832BA40C5D}"
	ProjectSection(SolutionItems) = preProject
		OrderOfStudies.txt = OrderOfStudies.txt
	EndProjectSection
EndProject
Project("{8BC9CEB8-8B4A-11D0-8D11-00A0C91BC942}") = "Classes", "src\Classes\Classes.vcxproj", "{B10A4596-7174-4659-9BB6-E4109502C925}"
EndProject
Project("{8BC9CEB8-8B4A-11D0-8D11-00A0C91BC942}") = "Statics", "src\Statics\Statics.vcxproj", "{F5D68262-8DF2-4DA5-9FD4-8AC37C8A6B47}"
EndProject
Project("{8BC9CEB8-8B4A-11D0-8D11-00A0C91BC942}") = "Inheritance", "src\Inheritance\Inheritance.vcxproj", "{53031936-54B8-4612-91EB-4294F25B012A}"
EndProject
Project("{8BC9CEB8-8B4A-11D0-8D11-00A0C91BC942}") = "Interfaces", "src\Interfaces\Interfaces.vcxproj", "{627E48A5-449F-4727-8E9F-676AE9976882}"
EndProject
Project("{8BC9CEB8-8B4A-11D0-8D11-00A0C91BC942}") = "Arrays", "src\Arrays\Arrays.vcxproj", "{91A3F8AC-5842-43D7-8CCE-C2B9E5BC2673}"
EndProject
Project("{8BC9CEB8-8B4A-11D0-8D11-00A0C91BC942}") = "Strings", "src\Strings\Strings.vcxproj", "{E316EA75-0411-4212-993F-C9EEF8B95625}"
EndProject
Project("{8BC9CEB8-8B4A-11D0-8D11-00A0C91BC942}") = "Const", "src\Const\Const.vcxproj", "{56EE9903-0D82-4362-8705-EDDB7906A801}"
EndProject
Project("{8BC9CEB8-8B4A-11D0-8D11-00A0C91BC942}") = "Instantiate", "src\Instantiate\Instantiate.vcxproj", "{46F6A640-433B-42FB-93DB-9972EF7A49FF}"
EndProject
Project("{8BC9CEB8-8B4A-11D0-8D11-00A0C91BC942}") = "OperatorOverloading", "src\OperatorOverloading\OperatorOverloading.vcxproj", "{F87B476E-72A4-4A88-88EE-EA31A6BEABEF}"
EndProject
Project("{8BC9CEB8-8B4A-11D0-8D11-00A0C91BC942}") = "This", "src\This\This.vcxproj", "{DD3C971F-8CA5-45B9-9DB2-1C61703C20A9}"
EndProject
Project("{8BC9CEB8-8B4A-11D0-8D11-00A0C91BC942}") = "ObjectLifeTime", "src\ObjectLifeTime\ObjectLifeTime.vcxproj", "{C8FA23E4-AC93-4280-8EF2-B149405A89CA}"
EndProject
Project("{8BC9CEB8-8B4A-11D0-8D11-00A0C91BC942}") = "SmartPointer", "src\SmartPointer\SmartPointer.vcxproj", "{B9A091AB-DE4B-489E-ABCF-A4B5A2A8BDF4}"
EndProject
Project("{8BC9CEB8-8B4A-11D0-8D11-00A0C91BC942}") = "Copy", "src\Copy\Copy.vcxproj", "{22D16403-957F-457F-B8A7-A72442DA9AD3}"
EndProject
Project("{8BC9CEB8-8B4A-11D0-8D11-00A0C91BC942}") = "ArrowOperator", "src\ArrowOperator\ArrowOperator.vcxproj", "{328425A5-3FD0-41AC-9225-19B07E9D18A3}"
EndProject
Project("{8BC9CEB8-8B4A-11D0-8D11-00A0C91BC942}") = "Vector", "src\Vector\Vector.vcxproj", "{15285C08-83DC-41C2-A74A-BCDB3F6506AC}"
EndProject
Project("{8BC9CEB8-8B4A-11D0-8D11-00A0C91BC942}") = "StaticLinking", "src\StaticLinking\StaticLinking.vcxproj", "{3AF6B2B5-472F-483C-91D3-A911BA7193C6}"
EndProject
Project("{8BC9CEB8-8B4A-11D0-8D11-00A0C91BC942}") = "DynamicLinking", "src\DynamicLinking\DynamicLinking.vcxproj", "{3B3B287D-9D5F-4834-9619-E19D18490023}"
EndProject
Project("{8BC9CEB8-8B4A-11D0-8D11-00A0C91BC942}") = "Game", "src\Game\Game.vcxproj", "{96A3306E-F886-426D-97BE-94445E333AFA}"
EndProject
Project("{8BC9CEB8-8B4A-11D0-8D11-00A0C91BC942}") = "GameEngineLib", "src\GameEngineLib\GameEngineLib.vcxproj", "{FFC0A943-9AE6-4DEC-974E-32A2CBC79604}"
EndProject
Project("{8BC9CEB8-8B4A-11D0-8D11-00A0C91BC942}") = "ReturnMultipleItemFromFunction", "src\ReturnMultipleItemFromFunction\ReturnMultipleItemFromFunction.vcxproj", "{3989B85D-828C-4379-9325-AA1403067AEA}"
EndProject
Project("{2150E333-8FDC-42A3-9474-1A3956D46DE8}") = "examples", "examples", "{553739D7-D8D0-45D5-9FEE-6A6BF2C3B066}"
EndProject
Project("{2150E333-8FDC-42A3-9474-1A3956D46DE8}") = "to-do-app", "to-do-app", "{1095E853-888A-4817-B2ED-61D101D6079D}"
EndProject
Project("{8BC9CEB8-8B4A-11D0-8D11-00A0C91BC942}") = "ToDoApp", "examples\ToDoApp\ToDoApp\ToDoApp.vcxproj", "{76D6A24E-E1F9-46D8-85B2-DFE70802D253}"
EndProject
Project("{8BC9CEB8-8B4A-11D0-8D11-00A0C91BC942}") = "ToDoAppEntity", "examples\ToDoApp\ToDoAppEntity\ToDoAppEntity.vcxproj", "{750C9B71-FD00-46DF-A381-FEC5B5B6AECA}"
EndProject
Project("{8BC9CEB8-8B4A-11D0-8D11-00A0C91BC942}") = "FunctionPointer", "src\FunctionPointer\FunctionPointer.vcxproj", "{65025066-A403-45F2-AEC8-F94534CC5256}"
EndProject
Project("{8BC9CEB8-8B4A-11D0-8D11-00A0C91BC942}") = "Threads", "src\Threads\Threads.vcxproj", "{1C1721F0-FA4A-447F-918C-BA37EAFAD590}"
EndProject
Project("{8BC9CEB8-8B4A-11D0-8D11-00A0C91BC942}") = "Benchmarking", "src\Benchmarking\Benchmarking.vcxproj", "{2E6672FE-3BC9-477F-B9BA-23D05D3A1EE9}"
EndProject
Global
	GlobalSection(SolutionConfigurationPlatforms) = preSolution
		Debug|x64 = Debug|x64
		Debug|x86 = Debug|x86
		Release|x64 = Release|x64
		Release|x86 = Release|x86
	EndGlobalSection
	GlobalSection(ProjectConfigurationPlatforms) = postSolution
		{C785436D-3182-4996-A7AA-1AEF7A05392A}.Debug|x64.ActiveCfg = Debug|x64
		{C785436D-3182-4996-A7AA-1AEF7A05392A}.Debug|x64.Build.0 = Debug|x64
		{C785436D-3182-4996-A7AA-1AEF7A05392A}.Debug|x86.ActiveCfg = Debug|Win32
		{C785436D-3182-4996-A7AA-1AEF7A05392A}.Debug|x86.Build.0 = Debug|Win32
		{C785436D-3182-4996-A7AA-1AEF7A05392A}.Release|x64.ActiveCfg = Release|x64
		{C785436D-3182-4996-A7AA-1AEF7A05392A}.Release|x64.Build.0 = Release|x64
		{C785436D-3182-4996-A7AA-1AEF7A05392A}.Release|x86.ActiveCfg = Release|Win32
		{C785436D-3182-4996-A7AA-1AEF7A05392A}.Release|x86.Build.0 = Release|Win32
		{EB17E26C-A9CB-467B-B48D-2A6A4D6163E1}.Debug|x64.ActiveCfg = Debug|x64
		{EB17E26C-A9CB-467B-B48D-2A6A4D6163E1}.Debug|x64.Build.0 = Debug|x64
		{EB17E26C-A9CB-467B-B48D-2A6A4D6163E1}.Debug|x86.ActiveCfg = Debug|Win32
		{EB17E26C-A9CB-467B-B48D-2A6A4D6163E1}.Debug|x86.Build.0 = Debug|Win32
		{EB17E26C-A9CB-467B-B48D-2A6A4D6163E1}.Release|x64.ActiveCfg = Release|x64
		{EB17E26C-A9CB-467B-B48D-2A6A4D6163E1}.Release|x64.Build.0 = Release|x64
		{EB17E26C-A9CB-467B-B48D-2A6A4D6163E1}.Release|x86.ActiveCfg = Release|Win32
		{EB17E26C-A9CB-467B-B48D-2A6A4D6163E1}.Release|x86.Build.0 = Release|Win32
		{3900BACA-2259-424C-91F6-80D99D238C84}.Debug|x64.ActiveCfg = Debug|x64
		{3900BACA-2259-424C-91F6-80D99D238C84}.Debug|x64.Build.0 = Debug|x64
		{3900BACA-2259-424C-91F6-80D99D238C84}.Debug|x86.ActiveCfg = Debug|Win32
		{3900BACA-2259-424C-91F6-80D99D238C84}.Debug|x86.Build.0 = Debug|Win32
		{3900BACA-2259-424C-91F6-80D99D238C84}.Release|x64.ActiveCfg = Release|x64
		{3900BACA-2259-424C-91F6-80D99D238C84}.Release|x64.Build.0 = Release|x64
		{3900BACA-2259-424C-91F6-80D99D238C84}.Release|x86.ActiveCfg = Release|Win32
		{3900BACA-2259-424C-91F6-80D99D238C84}.Release|x86.Build.0 = Release|Win32
		{B10A4596-7174-4659-9BB6-E4109502C925}.Debug|x64.ActiveCfg = Debug|x64
		{B10A4596-7174-4659-9BB6-E4109502C925}.Debug|x64.Build.0 = Debug|x64
		{B10A4596-7174-4659-9BB6-E4109502C925}.Debug|x86.ActiveCfg = Debug|Win32
		{B10A4596-7174-4659-9BB6-E4109502C925}.Debug|x86.Build.0 = Debug|Win32
		{B10A4596-7174-4659-9BB6-E4109502C925}.Release|x64.ActiveCfg = Release|x64
		{B10A4596-7174-4659-9BB6-E4109502C925}.Release|x64.Build.0 = Release|x64
		{B10A4596-7174-4659-9BB6-E4109502C925}.Release|x86.ActiveCfg = Release|Win32
		{B10A4596-7174-4659-9BB6-E4109502C925}.Release|x86.Build.0 = Release|Win32
		{F5D68262-8DF2-4DA5-9FD4-8AC37C8A6B47}.Debug|x64.ActiveCfg = Debug|x64
		{F5D68262-8DF2-4DA5-9FD4-8AC37C8A6B47}.Debug|x64.Build.0 = Debug|x64
		{F5D68262-8DF2-4DA5-9FD4-8AC37C8A6B47}.Debug|x86.ActiveCfg = Debug|Win32
		{F5D68262-8DF2-4DA5-9FD4-8AC37C8A6B47}.Debug|x86.Build.0 = Debug|Win32
		{F5D68262-8DF2-4DA5-9FD4-8AC37C8A6B47}.Release|x64.ActiveCfg = Release|x64
		{F5D68262-8DF2-4DA5-9FD4-8AC37C8A6B47}.Release|x64.Build.0 = Release|x64
		{F5D68262-8DF2-4DA5-9FD4-8AC37C8A6B47}.Release|x86.ActiveCfg = Release|Win32
		{F5D68262-8DF2-4DA5-9FD4-8AC37C8A6B47}.Release|x86.Build.0 = Release|Win32
		{53031936-54B8-4612-91EB-4294F25B012A}.Debug|x64.ActiveCfg = Debug|x64
		{53031936-54B8-4612-91EB-4294F25B012A}.Debug|x64.Build.0 = Debug|x64
		{53031936-54B8-4612-91EB-4294F25B012A}.Debug|x86.ActiveCfg = Debug|Win32
		{53031936-54B8-4612-91EB-4294F25B012A}.Debug|x86.Build.0 = Debug|Win32
		{53031936-54B8-4612-91EB-4294F25B012A}.Release|x64.ActiveCfg = Release|x64
		{53031936-54B8-4612-91EB-4294F25B012A}.Release|x64.Build.0 = Release|x64
		{53031936-54B8-4612-91EB-4294F25B012A}.Release|x86.ActiveCfg = Release|Win32
		{53031936-54B8-4612-91EB-4294F25B012A}.Release|x86.Build.0 = Release|Win32
		{627E48A5-449F-4727-8E9F-676AE9976882}.Debug|x64.ActiveCfg = Debug|x64
		{627E48A5-449F-4727-8E9F-676AE9976882}.Debug|x64.Build.0 = Debug|x64
		{627E48A5-449F-4727-8E9F-676AE9976882}.Debug|x86.ActiveCfg = Debug|Win32
		{627E48A5-449F-4727-8E9F-676AE9976882}.Debug|x86.Build.0 = Debug|Win32
		{627E48A5-449F-4727-8E9F-676AE9976882}.Release|x64.ActiveCfg = Release|x64
		{627E48A5-449F-4727-8E9F-676AE9976882}.Release|x64.Build.0 = Release|x64
		{627E48A5-449F-4727-8E9F-676AE9976882}.Release|x86.ActiveCfg = Release|Win32
		{627E48A5-449F-4727-8E9F-676AE9976882}.Release|x86.Build.0 = Release|Win32
		{91A3F8AC-5842-43D7-8CCE-C2B9E5BC2673}.Debug|x64.ActiveCfg = Debug|x64
		{91A3F8AC-5842-43D7-8CCE-C2B9E5BC2673}.Debug|x64.Build.0 = Debug|x64
		{91A3F8AC-5842-43D7-8CCE-C2B9E5BC2673}.Debug|x86.ActiveCfg = Debug|Win32
		{91A3F8AC-5842-43D7-8CCE-C2B9E5BC2673}.Debug|x86.Build.0 = Debug|Win32
		{91A3F8AC-5842-43D7-8CCE-C2B9E5BC2673}.Release|x64.ActiveCfg = Release|x64
		{91A3F8AC-5842-43D7-8CCE-C2B9E5BC2673}.Release|x64.Build.0 = Release|x64
		{91A3F8AC-5842-43D7-8CCE-C2B9E5BC2673}.Release|x86.ActiveCfg = Release|Win32
		{91A3F8AC-5842-43D7-8CCE-C2B9E5BC2673}.Release|x86.Build.0 = Release|Win32
		{E316EA75-0411-4212-993F-C9EEF8B95625}.Debug|x64.ActiveCfg = Debug|x64
		{E316EA75-0411-4212-993F-C9EEF8B95625}.Debug|x64.Build.0 = Debug|x64
		{E316EA75-0411-4212-993F-C9EEF8B95625}.Debug|x86.ActiveCfg = Debug|Win32
		{E316EA75-0411-4212-993F-C9EEF8B95625}.Debug|x86.Build.0 = Debug|Win32
		{E316EA75-0411-4212-993F-C9EEF8B95625}.Release|x64.ActiveCfg = Release|x64
		{E316EA75-0411-4212-993F-C9EEF8B95625}.Release|x64.Build.0 = Release|x64
		{E316EA75-0411-4212-993F-C9EEF8B95625}.Release|x86.ActiveCfg = Release|Win32
		{E316EA75-0411-4212-993F-C9EEF8B95625}.Release|x86.Build.0 = Release|Win32
		{56EE9903-0D82-4362-8705-EDDB7906A801}.Debug|x64.ActiveCfg = Debug|x64
		{56EE9903-0D82-4362-8705-EDDB7906A801}.Debug|x64.Build.0 = Debug|x64
		{56EE9903-0D82-4362-8705-EDDB7906A801}.Debug|x86.ActiveCfg = Debug|Win32
		{56EE9903-0D82-4362-8705-EDDB7906A801}.Debug|x86.Build.0 = Debug|Win32
		{56EE9903-0D82-4362-8705-EDDB7906A801}.Release|x64.ActiveCfg = Release|x64
		{56EE9903-0D82-4362-8705-EDDB7906A801}.Release|x64.Build.0 = Release|x64
		{56EE9903-0D82-4362-8705-EDDB7906A801}.Release|x86.ActiveCfg = Release|Win32
		{56EE9903-0D82-4362-8705-EDDB7906A801}.Release|x86.Build.0 = Release|Win32
		{46F6A640-433B-42FB-93DB-9972EF7A49FF}.Debug|x64.ActiveCfg = Debug|x64
		{46F6A640-433B-42FB-93DB-9972EF7A49FF}.Debug|x64.Build.0 = Debug|x64
		{46F6A640-433B-42FB-93DB-9972EF7A49FF}.Debug|x86.ActiveCfg = Debug|Win32
		{46F6A640-433B-42FB-93DB-9972EF7A49FF}.Debug|x86.Build.0 = Debug|Win32
		{46F6A640-433B-42FB-93DB-9972EF7A49FF}.Release|x64.ActiveCfg = Release|x64
		{46F6A640-433B-42FB-93DB-9972EF7A49FF}.Release|x64.Build.0 = Release|x64
		{46F6A640-433B-42FB-93DB-9972EF7A49FF}.Release|x86.ActiveCfg = Release|Win32
		{46F6A640-433B-42FB-93DB-9972EF7A49FF}.Release|x86.Build.0 = Release|Win32
		{F87B476E-72A4-4A88-88EE-EA31A6BEABEF}.Debug|x64.ActiveCfg = Debug|x64
		{F87B476E-72A4-4A88-88EE-EA31A6BEABEF}.Debug|x64.Build.0 = Debug|x64
		{F87B476E-72A4-4A88-88EE-EA31A6BEABEF}.Debug|x86.ActiveCfg = Debug|Win32
		{F87B476E-72A4-4A88-88EE-EA31A6BEABEF}.Debug|x86.Build.0 = Debug|Win32
		{F87B476E-72A4-4A88-88EE-EA31A6BEABEF}.Release|x64.ActiveCfg = Release|x64
		{F87B476E-72A4-4A88-88EE-EA31A6BEABEF}.Release|x64.Build.0 = Release|x64
		{F87B476E-72A4-4A88-88EE-EA31A6BEABEF}.Release|x86.ActiveCfg = Release|Win32
		{F87B476E-72A4-4A88-88EE-EA31A6BEABEF}.Release|x86.Build.0 = Release|Win32
		{DD3C971F-8CA5-45B9-9DB2-1C61703C20A9}.Debug|x64.ActiveCfg = Debug|x64
		{DD3C971F-8CA5-45B9-9DB2-1C61703C20A9}.Debug|x64.Build.0 = Debug|x64
		{DD3C971F-8CA5-45B9-9DB2-1C61703C20A9}.Debug|x86.ActiveCfg = Debug|Win32
		{DD3C971F-8CA5-45B9-9DB2-1C61703C20A9}.Debug|x86.Build.0 = Debug|Win32
		{DD3C971F-8CA5-45B9-9DB2-1C61703C20A9}.Release|x64.ActiveCfg = Release|x64
		{DD3C971F-8CA5-45B9-9DB2-1C61703C20A9}.Release|x64.Build.0 = Release|x64
		{DD3C971F-8CA5-45B9-9DB2-1C61703C20A9}.Release|x86.ActiveCfg = Release|Win32
		{DD3C971F-8CA5-45B9-9DB2-1C61703C20A9}.Release|x86.Build.0 = Release|Win32
		{C8FA23E4-AC93-4280-8EF2-B149405A89CA}.Debug|x64.ActiveCfg = Debug|x64
		{C8FA23E4-AC93-4280-8EF2-B149405A89CA}.Debug|x64.Build.0 = Debug|x64
		{C8FA23E4-AC93-4280-8EF2-B149405A89CA}.Debug|x86.ActiveCfg = Debug|Win32
		{C8FA23E4-AC93-4280-8EF2-B149405A89CA}.Debug|x86.Build.0 = Debug|Win32
		{C8FA23E4-AC93-4280-8EF2-B149405A89CA}.Release|x64.ActiveCfg = Release|x64
		{C8FA23E4-AC93-4280-8EF2-B149405A89CA}.Release|x64.Build.0 = Release|x64
		{C8FA23E4-AC93-4280-8EF2-B149405A89CA}.Release|x86.ActiveCfg = Release|Win32
		{C8FA23E4-AC93-4280-8EF2-B149405A89CA}.Release|x86.Build.0 = Release|Win32
		{B9A091AB-DE4B-489E-ABCF-A4B5A2A8BDF4}.Debug|x64.ActiveCfg = Debug|x64
		{B9A091AB-DE4B-489E-ABCF-A4B5A2A8BDF4}.Debug|x64.Build.0 = Debug|x64
		{B9A091AB-DE4B-489E-ABCF-A4B5A2A8BDF4}.Debug|x86.ActiveCfg = Debug|Win32
		{B9A091AB-DE4B-489E-ABCF-A4B5A2A8BDF4}.Debug|x86.Build.0 = Debug|Win32
		{B9A091AB-DE4B-489E-ABCF-A4B5A2A8BDF4}.Release|x64.ActiveCfg = Release|x64
		{B9A091AB-DE4B-489E-ABCF-A4B5A2A8BDF4}.Release|x64.Build.0 = Release|x64
		{B9A091AB-DE4B-489E-ABCF-A4B5A2A8BDF4}.Release|x86.ActiveCfg = Release|Win32
		{B9A091AB-DE4B-489E-ABCF-A4B5A2A8BDF4}.Release|x86.Build.0 = Release|Win32
		{22D16403-957F-457F-B8A7-A72442DA9AD3}.Debug|x64.ActiveCfg = Debug|x64
		{22D16403-957F-457F-B8A7-A72442DA9AD3}.Debug|x64.Build.0 = Debug|x64
		{22D16403-957F-457F-B8A7-A72442DA9AD3}.Debug|x86.ActiveCfg = Debug|Win32
		{22D16403-957F-457F-B8A7-A72442DA9AD3}.Debug|x86.Build.0 = Debug|Win32
		{22D16403-957F-457F-B8A7-A72442DA9AD3}.Release|x64.ActiveCfg = Release|x64
		{22D16403-957F-457F-B8A7-A72442DA9AD3}.Release|x64.Build.0 = Release|x64
		{22D16403-957F-457F-B8A7-A72442DA9AD3}.Release|x86.ActiveCfg = Release|Win32
		{22D16403-957F-457F-B8A7-A72442DA9AD3}.Release|x86.Build.0 = Release|Win32
		{328425A5-3FD0-41AC-9225-19B07E9D18A3}.Debug|x64.ActiveCfg = Debug|x64
		{328425A5-3FD0-41AC-9225-19B07E9D18A3}.Debug|x64.Build.0 = Debug|x64
		{328425A5-3FD0-41AC-9225-19B07E9D18A3}.Debug|x86.ActiveCfg = Debug|Win32
		{328425A5-3FD0-41AC-9225-19B07E9D18A3}.Debug|x86.Build.0 = Debug|Win32
		{328425A5-3FD0-41AC-9225-19B07E9D18A3}.Release|x64.ActiveCfg = Release|x64
		{328425A5-3FD0-41AC-9225-19B07E9D18A3}.Release|x64.Build.0 = Release|x64
		{328425A5-3FD0-41AC-9225-19B07E9D18A3}.Release|x86.ActiveCfg = Release|Win32
		{328425A5-3FD0-41AC-9225-19B07E9D18A3}.Release|x86.Build.0 = Release|Win32
		{15285C08-83DC-41C2-A74A-BCDB3F6506AC}.Debug|x64.ActiveCfg = Debug|x64
		{15285C08-83DC-41C2-A74A-BCDB3F6506AC}.Debug|x64.Build.0 = Debug|x64
		{15285C08-83DC-41C2-A74A-BCDB3F6506AC}.Debug|x86.ActiveCfg = Debug|Win32
		{15285C08-83DC-41C2-A74A-BCDB3F6506AC}.Debug|x86.Build.0 = Debug|Win32
		{15285C08-83DC-41C2-A74A-BCDB3F6506AC}.Release|x64.ActiveCfg = Release|x64
		{15285C08-83DC-41C2-A74A-BCDB3F6506AC}.Release|x64.Build.0 = Release|x64
		{15285C08-83DC-41C2-A74A-BCDB3F6506AC}.Release|x86.ActiveCfg = Release|Win32
		{15285C08-83DC-41C2-A74A-BCDB3F6506AC}.Release|x86.Build.0 = Release|Win32
		{3AF6B2B5-472F-483C-91D3-A911BA7193C6}.Debug|x64.ActiveCfg = Debug|x64
		{3AF6B2B5-472F-483C-91D3-A911BA7193C6}.Debug|x64.Build.0 = Debug|x64
		{3AF6B2B5-472F-483C-91D3-A911BA7193C6}.Debug|x86.ActiveCfg = Debug|Win32
		{3AF6B2B5-472F-483C-91D3-A911BA7193C6}.Debug|x86.Build.0 = Debug|Win32
		{3AF6B2B5-472F-483C-91D3-A911BA7193C6}.Release|x64.ActiveCfg = Release|x64
		{3AF6B2B5-472F-483C-91D3-A911BA7193C6}.Release|x64.Build.0 = Release|x64
		{3AF6B2B5-472F-483C-91D3-A911BA7193C6}.Release|x86.ActiveCfg = Release|Win32
		{3AF6B2B5-472F-483C-91D3-A911BA7193C6}.Release|x86.Build.0 = Release|Win32
		{3B3B287D-9D5F-4834-9619-E19D18490023}.Debug|x64.ActiveCfg = Debug|x64
		{3B3B287D-9D5F-4834-9619-E19D18490023}.Debug|x64.Build.0 = Debug|x64
		{3B3B287D-9D5F-4834-9619-E19D18490023}.Debug|x86.ActiveCfg = Debug|Win32
		{3B3B287D-9D5F-4834-9619-E19D18490023}.Debug|x86.Build.0 = Debug|Win32
		{3B3B287D-9D5F-4834-9619-E19D18490023}.Release|x64.ActiveCfg = Release|x64
		{3B3B287D-9D5F-4834-9619-E19D18490023}.Release|x64.Build.0 = Release|x64
		{3B3B287D-9D5F-4834-9619-E19D18490023}.Release|x86.ActiveCfg = Release|Win32
		{3B3B287D-9D5F-4834-9619-E19D18490023}.Release|x86.Build.0 = Release|Win32
		{96A3306E-F886-426D-97BE-94445E333AFA}.Debug|x64.ActiveCfg = Debug|x64
		{96A3306E-F886-426D-97BE-94445E333AFA}.Debug|x64.Build.0 = Debug|x64
		{96A3306E-F886-426D-97BE-94445E333AFA}.Debug|x86.ActiveCfg = Debug|Win32
		{96A3306E-F886-426D-97BE-94445E333AFA}.Debug|x86.Build.0 = Debug|Win32
		{96A3306E-F886-426D-97BE-94445E333AFA}.Release|x64.ActiveCfg = Release|x64
		{96A3306E-F886-426D-97BE-94445E333AFA}.Release|x64.Build.0 = Release|x64
		{96A3306E-F886-426D-97BE-94445E333AFA}.Release|x86.ActiveCfg = Release|Win32
		{96A3306E-F886-426D-97BE-94445E333AFA}.Release|x86.Build.0 = Release|Win32
		{FFC0A943-9AE6-4DEC-974E-32A2CBC79604}.Debug|x64.ActiveCfg = Debug|x64
		{FFC0A943-9AE6-4DEC-974E-32A2CBC79604}.Debug|x64.Build.0 = Debug|x64
		{FFC0A943-9AE6-4DEC-974E-32A2CBC79604}.Debug|x86.ActiveCfg = Debug|Win32
		{FFC0A943-9AE6-4DEC-974E-32A2CBC79604}.Debug|x86.Build.0 = Debug|Win32
		{FFC0A943-9AE6-4DEC-974E-32A2CBC79604}.Release|x64.ActiveCfg = Release|x64
		{FFC0A943-9AE6-4DEC-974E-32A2CBC79604}.Release|x64.Build.0 = Release|x64
		{FFC0A943-9AE6-4DEC-974E-32A2CBC79604}.Release|x86.ActiveCfg = Release|Win32
		{FFC0A943-9AE6-4DEC-974E-32A2CBC79604}.Release|x86.Build.0 = Release|Win32
		{3989B85D-828C-4379-9325-AA1403067AEA}.Debug|x64.ActiveCfg = Debug|x64
		{3989B85D-828C-4379-9325-AA1403067AEA}.Debug|x64.Build.0 = Debug|x64
		{3989B85D-828C-4379-9325-AA1403067AEA}.Debug|x86.ActiveCfg = Debug|Win32
		{3989B85D-828C-4379-9325-AA1403067AEA}.Debug|x86.Build.0 = Debug|Win32
		{3989B85D-828C-4379-9325-AA1403067AEA}.Release|x64.ActiveCfg = Release|x64
		{3989B85D-828C-4379-9325-AA1403067AEA}.Release|x64.Build.0 = Release|x64
		{3989B85D-828C-4379-9325-AA1403067AEA}.Release|x86.ActiveCfg = Release|Win32
		{3989B85D-828C-4379-9325-AA1403067AEA}.Release|x86.Build.0 = Release|Win32
		{76D6A24E-E1F9-46D8-85B2-DFE70802D253}.Debug|x64.ActiveCfg = Debug|x64
		{76D6A24E-E1F9-46D8-85B2-DFE70802D253}.Debug|x64.Build.0 = Debug|x64
		{76D6A24E-E1F9-46D8-85B2-DFE70802D253}.Debug|x86.ActiveCfg = Debug|Win32
		{76D6A24E-E1F9-46D8-85B2-DFE70802D253}.Debug|x86.Build.0 = Debug|Win32
		{76D6A24E-E1F9-46D8-85B2-DFE70802D253}.Release|x64.ActiveCfg = Release|x64
		{76D6A24E-E1F9-46D8-85B2-DFE70802D253}.Release|x64.Build.0 = Release|x64
		{76D6A24E-E1F9-46D8-85B2-DFE70802D253}.Release|x86.ActiveCfg = Release|Win32
		{76D6A24E-E1F9-46D8-85B2-DFE70802D253}.Release|x86.Build.0 = Release|Win32
		{750C9B71-FD00-46DF-A381-FEC5B5B6AECA}.Debug|x64.ActiveCfg = Debug|x64
		{750C9B71-FD00-46DF-A381-FEC5B5B6AECA}.Debug|x64.Build.0 = Debug|x64
		{750C9B71-FD00-46DF-A381-FEC5B5B6AECA}.Debug|x86.ActiveCfg = Debug|Win32
		{750C9B71-FD00-46DF-A381-FEC5B5B6AECA}.Debug|x86.Build.0 = Debug|Win32
		{750C9B71-FD00-46DF-A381-FEC5B5B6AECA}.Release|x64.ActiveCfg = Release|x64
		{750C9B71-FD00-46DF-A381-FEC5B5B6AECA}.Release|x64.Build.0 = Release|x64
		{750C9B71-FD00-46DF-A381-FEC5B5B6AECA}.Release|x86.ActiveCfg = Release|Win32
		{750C9B71-FD00-46DF-A381-FEC5B5B6AECA}.Release|x86.Build.0 = Release|Win32
		{65025066-A403-45F2-AEC8-F94534CC5256}.Debug|x64.ActiveCfg = Debug|x64
		{65025066-A403-45F2-AEC8-F94534CC5256}.Debug|x64.Build.0 = Debug|x64
		{65025066-A403-45F2-AEC8-F94534CC5256}.Debug|x86.ActiveCfg = Debug|Win32
		{65025066-A403-45F2-AEC8-F94534CC5256}.Debug|x86.Build.0 = Debug|Win32
		{65025066-A403-45F2-AEC8-F94534CC5256}.Release|x64.ActiveCfg = Release|x64
		{65025066-A403-45F2-AEC8-F94534CC5256}.Release|x64.Build.0 = Release|x64
		{65025066-A403-45F2-AEC8-F94534CC5256}.Release|x86.ActiveCfg = Release|Win32
		{65025066-A403-45F2-AEC8-F94534CC5256}.Release|x86.Build.0 = Release|Win32
		{1C1721F0-FA4A-447F-918C-BA37EAFAD590}.Debug|x64.ActiveCfg = Debug|x64
		{1C1721F0-FA4A-447F-918C-BA37EAFAD590}.Debug|x64.Build.0 = Debug|x64
		{1C1721F0-FA4A-447F-918C-BA37EAFAD590}.Debug|x86.ActiveCfg = Debug|Win32
		{1C1721F0-FA4A-447F-918C-BA37EAFAD590}.Debug|x86.Build.0 = Debug|Win32
		{1C1721F0-FA4A-447F-918C-BA37EAFAD590}.Release|x64.ActiveCfg = Release|x64
		{1C1721F0-FA4A-447F-918C-BA37EAFAD590}.Release|x64.Build.0 = Release|x64
		{1C1721F0-FA4A-447F-918C-BA37EAFAD590}.Release|x86.ActiveCfg = Release|Win32
		{1C1721F0-FA4A-447F-918C-BA37EAFAD590}.Release|x86.Build.0 = Release|Win32
		{2E6672FE-3BC9-477F-B9BA-23D05D3A1EE9}.Debug|x64.ActiveCfg = Debug|x64
		{2E6672FE-3BC9-477F-B9BA-23D05D3A1EE9}.Debug|x64.Build.0 = Debug|x64
		{2E6672FE-3BC9-477F-B9BA-23D05D3A1EE9}.Debug|x86.ActiveCfg = Debug|Win32
		{2E6672FE-3BC9-477F-B9BA-23D05D3A1EE9}.Debug|x86.Build.0 = Debug|Win32
		{2E6672FE-3BC9-477F-B9BA-23D05D3A1EE9}.Release|x64.ActiveCfg = Release|x64
		{2E6672FE-3BC9-477F-B9BA-23D05D3A1EE9}.Release|x64.Build.0 = Release|x64
		{2E6672FE-3BC9-477F-B9BA-23D05D3A1EE9}.Release|x86.ActiveCfg = Release|Win32
		{2E6672FE-3BC9-477F-B9BA-23D05D3A1EE9}.Release|x86.Build.0 = Release|Win32
	EndGlobalSection
	GlobalSection(SolutionProperties) = preSolution
		HideSolutionNode = FALSE
	EndGlobalSection
	GlobalSection(NestedProjects) = preSolution
		{1095E853-888A-4817-B2ED-61D101D6079D} = {553739D7-D8D0-45D5-9FEE-6A6BF2C3B066}
		{76D6A24E-E1F9-46D8-85B2-DFE70802D253} = {1095E853-888A-4817-B2ED-61D101D6079D}
		{750C9B71-FD00-46DF-A381-FEC5B5B6AECA} = {1095E853-888A-4817-B2ED-61D101D6079D}
	EndGlobalSection
	GlobalSection(ExtensibilityGlobals) = postSolution
		SolutionGuid = {E59807E4-DF57-4237-9625-39896F0CC932}
	EndGlobalSection
EndGlobal
