<?xml version="1.0" encoding="utf-8"?>
<Project ToolsVersion="4.0" xmlns="http://schemas.microsoft.com/developer/msbuild/2003">
  <ItemGroup>
    <ClCompile Include="entities\classes\Logger.cpp" />
    <ClCompile Include="Main.cpp" />
    <ClCompile Include="entities\classes\Player.cpp" />
    <ClCompile Include="entities\classes\Position.cpp" />
    <ClCompile Include="entities\ExampleClass.cpp" />
  </ItemGroup>
  <ItemGroup>
    <ClInclude Include="entities\headers\Logger.h" />
    <ClInclude Include="entities\headers\Player.h" />
    <ClInclude Include="entities\headers\Position.h" />
    <ClInclude Include="entities\headers\PouyaTime.h" />
  </ItemGroup>
</Project>